// !$*UTF8*$!
{
	archiveVersion = 1;
	classes = {
	};
	objectVersion = 46;
	objects = {

/* Begin PBXBuildFile section */
		4F71AE2C1B9C07A30054D529 /* main.m in Sources */ = {isa = PBXBuildFile; fileRef = 4F71AE2B1B9C07A30054D529 /* main.m */; };
		4F71AE2F1B9C07A30054D529 /* AppDelegate.m in Sources */ = {isa = PBXBuildFile; fileRef = 4F71AE2E1B9C07A30054D529 /* AppDelegate.m */; };
		4F71AE321B9C07A30054D529 /* ViewController.m in Sources */ = {isa = PBXBuildFile; fileRef = 4F71AE311B9C07A30054D529 /* ViewController.m */; };
		4F71AE351B9C07A30054D529 /* Main.storyboard in Resources */ = {isa = PBXBuildFile; fileRef = 4F71AE331B9C07A30054D529 /* Main.storyboard */; };
		4F71AE371B9C07A30054D529 /* Images.xcassets in Resources */ = {isa = PBXBuildFile; fileRef = 4F71AE361B9C07A30054D529 /* Images.xcassets */; };
		4F71AE3A1B9C07A30054D529 /* LaunchScreen.xib in Resources */ = {isa = PBXBuildFile; fileRef = 4F71AE381B9C07A30054D529 /* LaunchScreen.xib */; };
		4F71AE461B9C07A30054D529 /* LazyLoading2Tests.m in Sources */ = {isa = PBXBuildFile; fileRef = 4F71AE451B9C07A30054D529 /* LazyLoading2Tests.m */; };
		4F71AE711B9C08360054D529 /* MKAnnotationView+WebCache.m in Sources */ = {isa = PBXBuildFile; fileRef = 4F71AE511B9C08360054D529 /* MKAnnotationView+WebCache.m */; };
		4F71AE721B9C08360054D529 /* NSData+ImageContentType.m in Sources */ = {isa = PBXBuildFile; fileRef = 4F71AE531B9C08360054D529 /* NSData+ImageContentType.m */; };
		4F71AE731B9C08360054D529 /* SDImageCache.m in Sources */ = {isa = PBXBuildFile; fileRef = 4F71AE551B9C08360054D529 /* SDImageCache.m */; };
		4F71AE741B9C08360054D529 /* SDWebImageCompat.m in Sources */ = {isa = PBXBuildFile; fileRef = 4F71AE571B9C08360054D529 /* SDWebImageCompat.m */; };
		4F71AE751B9C08360054D529 /* SDWebImageDecoder.m in Sources */ = {isa = PBXBuildFile; fileRef = 4F71AE591B9C08360054D529 /* SDWebImageDecoder.m */; };
		4F71AE761B9C08360054D529 /* SDWebImageDownloader.m in Sources */ = {isa = PBXBuildFile; fileRef = 4F71AE5B1B9C08360054D529 /* SDWebImageDownloader.m */; };
		4F71AE771B9C08360054D529 /* SDWebImageDownloaderOperation.m in Sources */ = {isa = PBXBuildFile; fileRef = 4F71AE5D1B9C08360054D529 /* SDWebImageDownloaderOperation.m */; };
		4F71AE781B9C08360054D529 /* SDWebImageManager.m in Sources */ = {isa = PBXBuildFile; fileRef = 4F71AE5F1B9C08360054D529 /* SDWebImageManager.m */; };
		4F71AE791B9C08360054D529 /* SDWebImagePrefetcher.m in Sources */ = {isa = PBXBuildFile; fileRef = 4F71AE621B9C08360054D529 /* SDWebImagePrefetcher.m */; };
		4F71AE7A1B9C08360054D529 /* UIButton+WebCache.m in Sources */ = {isa = PBXBuildFile; fileRef = 4F71AE641B9C08360054D529 /* UIButton+WebCache.m */; };
		4F71AE7B1B9C08360054D529 /* UIImage+GIF.m in Sources */ = {isa = PBXBuildFile; fileRef = 4F71AE661B9C08360054D529 /* UIImage+GIF.m */; };
		4F71AE7C1B9C08360054D529 /* UIImage+MultiFormat.m in Sources */ = {isa = PBXBuildFile; fileRef = 4F71AE681B9C08360054D529 /* UIImage+MultiFormat.m */; };
		4F71AE7D1B9C08360054D529 /* UIImage+WebP.m in Sources */ = {isa = PBXBuildFile; fileRef = 4F71AE6A1B9C08360054D529 /* UIImage+WebP.m */; };
		4F71AE7E1B9C08360054D529 /* UIImageView+HighlightedWebCache.m in Sources */ = {isa = PBXBuildFile; fileRef = 4F71AE6C1B9C08360054D529 /* UIImageView+HighlightedWebCache.m */; };
		4F71AE7F1B9C08360054D529 /* UIImageView+WebCache.m in Sources */ = {isa = PBXBuildFile; fileRef = 4F71AE6E1B9C08360054D529 /* UIImageView+WebCache.m */; };
		4F71AE801B9C08360054D529 /* UIView+WebCacheOperation.m in Sources */ = {isa = PBXBuildFile; fileRef = 4F71AE701B9C08360054D529 /* UIView+WebCacheOperation.m */; };
		4F71AE821B9C09720054D529 /* placeholder.png in Resources */ = {isa = PBXBuildFile; fileRef = 4F71AE811B9C09720054D529 /* placeholder.png */; };
		4F71AE841B9C0B430054D529 /* ImageURL.plist in Resources */ = {isa = PBXBuildFile; fileRef = 4F71AE831B9C0B430054D529 /* ImageURL.plist */; };
/* End PBXBuildFile section */

/* Begin PBXContainerItemProxy section */
		4F71AE401B9C07A30054D529 /* PBXContainerItemProxy */ = {
			isa = PBXContainerItemProxy;
			containerPortal = 4F71AE1E1B9C07A30054D529 /* Project object */;
			proxyType = 1;
			remoteGlobalIDString = 4F71AE251B9C07A30054D529;
			remoteInfo = LazyLoading2;
		};
/* End PBXContainerItemProxy section */

/* Begin PBXFileReference section */
		4F71AE261B9C07A30054D529 /* LazyLoading2.app */ = {isa = PBXFileReference; explicitFileType = wrapper.application; includeInIndex = 0; path = LazyLoading2.app; sourceTree = BUILT_PRODUCTS_DIR; };
		4F71AE2A1B9C07A30054D529 /* Info.plist */ = {isa = PBXFileReference; lastKnownFileType = text.plist.xml; path = Info.plist; sourceTree = "<group>"; };
		4F71AE2B1B9C07A30054D529 /* main.m */ = {isa = PBXFileReference; lastKnownFileType = sourcecode.c.objc; path = main.m; sourceTree = "<group>"; };
		4F71AE2D1B9C07A30054D529 /* AppDelegate.h */ = {isa = PBXFileReference; lastKnownFileType = sourcecode.c.h; path = AppDelegate.h; sourceTree = "<group>"; };
		4F71AE2E1B9C07A30054D529 /* AppDelegate.m */ = {isa = PBXFileReference; lastKnownFileType = sourcecode.c.objc; path = AppDelegate.m; sourceTree = "<group>"; };
		4F71AE301B9C07A30054D529 /* ViewController.h */ = {isa = PBXFileReference; lastKnownFileType = sourcecode.c.h; path = ViewController.h; sourceTree = "<group>"; };
		4F71AE311B9C07A30054D529 /* ViewController.m */ = {isa = PBXFileReference; lastKnownFileType = sourcecode.c.objc; path = ViewController.m; sourceTree = "<group>"; };
		4F71AE341B9C07A30054D529 /* Base */ = {isa = PBXFileReference; lastKnownFileType = file.storyboard; name = Base; path = Base.lproj/Main.storyboard; sourceTree = "<group>"; };
		4F71AE361B9C07A30054D529 /* Images.xcassets */ = {isa = PBXFileReference; lastKnownFileType = folder.assetcatalog; path = Images.xcassets; sourceTree = "<group>"; };
		4F71AE391B9C07A30054D529 /* Base */ = {isa = PBXFileReference; lastKnownFileType = file.xib; name = Base; path = Base.lproj/LaunchScreen.xib; sourceTree = "<group>"; };
		4F71AE3F1B9C07A30054D529 /* LazyLoading2Tests.xctest */ = {isa = PBXFileReference; explicitFileType = wrapper.cfbundle; includeInIndex = 0; path = LazyLoading2Tests.xctest; sourceTree = BUILT_PRODUCTS_DIR; };
		4F71AE441B9C07A30054D529 /* Info.plist */ = {isa = PBXFileReference; lastKnownFileType = text.plist.xml; path = Info.plist; sourceTree = "<group>"; };
		4F71AE451B9C07A30054D529 /* LazyLoading2Tests.m */ = {isa = PBXFileReference; lastKnownFileType = sourcecode.c.objc; path = LazyLoading2Tests.m; sourceTree = "<group>"; };
		4F71AE501B9C08360054D529 /* MKAnnotationView+WebCache.h */ = {isa = PBXFileReference; fileEncoding = 4; lastKnownFileType = sourcecode.c.h; path = "MKAnnotationView+WebCache.h"; sourceTree = "<group>"; };
		4F71AE511B9C08360054D529 /* MKAnnotationView+WebCache.m */ = {isa = PBXFileReference; fileEncoding = 4; lastKnownFileType = sourcecode.c.objc; path = "MKAnnotationView+WebCache.m"; sourceTree = "<group>"; };
		4F71AE521B9C08360054D529 /* NSData+ImageContentType.h */ = {isa = PBXFileReference; fileEncoding = 4; lastKnownFileType = sourcecode.c.h; path = "NSData+ImageContentType.h"; sourceTree = "<group>"; };
		4F71AE531B9C08360054D529 /* NSData+ImageContentType.m */ = {isa = PBXFileReference; fileEncoding = 4; lastKnownFileType = sourcecode.c.objc; path = "NSData+ImageContentType.m"; sourceTree = "<group>"; };
		4F71AE541B9C08360054D529 /* SDImageCache.h */ = {isa = PBXFileReference; fileEncoding = 4; lastKnownFileType = sourcecode.c.h; path = SDImageCache.h; sourceTree = "<group>"; };
		4F71AE551B9C08360054D529 /* SDImageCache.m */ = {isa = PBXFileReference; fileEncoding = 4; lastKnownFileType = sourcecode.c.objc; path = SDImageCache.m; sourceTree = "<group>"; };
		4F71AE561B9C08360054D529 /* SDWebImageCompat.h */ = {isa = PBXFileReference; fileEncoding = 4; lastKnownFileType = sourcecode.c.h; path = SDWebImageCompat.h; sourceTree = "<group>"; };
		4F71AE571B9C08360054D529 /* SDWebImageCompat.m */ = {isa = PBXFileReference; fileEncoding = 4; lastKnownFileType = sourcecode.c.objc; path = SDWebImageCompat.m; sourceTree = "<group>"; };
		4F71AE581B9C08360054D529 /* SDWebImageDecoder.h */ = {isa = PBXFileReference; fileEncoding = 4; lastKnownFileType = sourcecode.c.h; path = SDWebImageDecoder.h; sourceTree = "<group>"; };
		4F71AE591B9C08360054D529 /* SDWebImageDecoder.m */ = {isa = PBXFileReference; fileEncoding = 4; lastKnownFileType = sourcecode.c.objc; path = SDWebImageDecoder.m; sourceTree = "<group>"; };
		4F71AE5A1B9C08360054D529 /* SDWebImageDownloader.h */ = {isa = PBXFileReference; fileEncoding = 4; lastKnownFileType = sourcecode.c.h; path = SDWebImageDownloader.h; sourceTree = "<group>"; };
		4F71AE5B1B9C08360054D529 /* SDWebImageDownloader.m */ = {isa = PBXFileReference; fileEncoding = 4; lastKnownFileType = sourcecode.c.objc; path = SDWebImageDownloader.m; sourceTree = "<group>"; };
		4F71AE5C1B9C08360054D529 /* SDWebImageDownloaderOperation.h */ = {isa = PBXFileReference; fileEncoding = 4; lastKnownFileType = sourcecode.c.h; path = SDWebImageDownloaderOperation.h; sourceTree = "<group>"; };
		4F71AE5D1B9C08360054D529 /* SDWebImageDownloaderOperation.m */ = {isa = PBXFileReference; fileEncoding = 4; lastKnownFileType = sourcecode.c.objc; path = SDWebImageDownloaderOperation.m; sourceTree = "<group>"; };
		4F71AE5E1B9C08360054D529 /* SDWebImageManager.h */ = {isa = PBXFileReference; fileEncoding = 4; lastKnownFileType = sourcecode.c.h; path = SDWebImageManager.h; sourceTree = "<group>"; };
		4F71AE5F1B9C08360054D529 /* SDWebImageManager.m */ = {isa = PBXFileReference; fileEncoding = 4; lastKnownFileType = sourcecode.c.objc; path = SDWebImageManager.m; sourceTree = "<group>"; };
		4F71AE601B9C08360054D529 /* SDWebImageOperation.h */ = {isa = PBXFileReference; fileEncoding = 4; lastKnownFileType = sourcecode.c.h; path = SDWebImageOperation.h; sourceTree = "<group>"; };
		4F71AE611B9C08360054D529 /* SDWebImagePrefetcher.h */ = {isa = PBXFileReference; fileEncoding = 4; lastKnownFileType = sourcecode.c.h; path = SDWebImagePrefetcher.h; sourceTree = "<group>"; };
		4F71AE621B9C08360054D529 /* SDWebImagePrefetcher.m */ = {isa = PBXFileReference; fileEncoding = 4; lastKnownFileType = sourcecode.c.objc; path = SDWebImagePrefetcher.m; sourceTree = "<group>"; };
		4F71AE631B9C08360054D529 /* UIButton+WebCache.h */ = {isa = PBXFileReference; fileEncoding = 4; lastKnownFileType = sourcecode.c.h; path = "UIButton+WebCache.h"; sourceTree = "<group>"; };
		4F71AE641B9C08360054D529 /* UIButton+WebCache.m */ = {isa = PBXFileReference; fileEncoding = 4; lastKnownFileType = sourcecode.c.objc; path = "UIButton+WebCache.m"; sourceTree = "<group>"; };
		4F71AE651B9C08360054D529 /* UIImage+GIF.h */ = {isa = PBXFileReference; fileEncoding = 4; lastKnownFileType = sourcecode.c.h; path = "UIImage+GIF.h"; sourceTree = "<group>"; };
		4F71AE661B9C08360054D529 /* UIImage+GIF.m */ = {isa = PBXFileReference; fileEncoding = 4; lastKnownFileType = sourcecode.c.objc; path = "UIImage+GIF.m"; sourceTree = "<group>"; };
		4F71AE671B9C08360054D529 /* UIImage+MultiFormat.h */ = {isa = PBXFileReference; fileEncoding = 4; lastKnownFileType = sourcecode.c.h; path = "UIImage+MultiFormat.h"; sourceTree = "<group>"; };
		4F71AE681B9C08360054D529 /* UIImage+MultiFormat.m */ = {isa = PBXFileReference; fileEncoding = 4; lastKnownFileType = sourcecode.c.objc; path = "UIImage+MultiFormat.m"; sourceTree = "<group>"; };
		4F71AE691B9C08360054D529 /* UIImage+WebP.h */ = {isa = PBXFileReference; fileEncoding = 4; lastKnownFileType = sourcecode.c.h; path = "UIImage+WebP.h"; sourceTree = "<group>"; };
		4F71AE6A1B9C08360054D529 /* UIImage+WebP.m */ = {isa = PBXFileReference; fileEncoding = 4; lastKnownFileType = sourcecode.c.objc; path = "UIImage+WebP.m"; sourceTree = "<group>"; };
		4F71AE6B1B9C08360054D529 /* UIImageView+HighlightedWebCache.h */ = {isa = PBXFileReference; fileEncoding = 4; lastKnownFileType = sourcecode.c.h; path = "UIImageView+HighlightedWebCache.h"; sourceTree = "<group>"; };
		4F71AE6C1B9C08360054D529 /* UIImageView+HighlightedWebCache.m */ = {isa = PBXFileReference; fileEncoding = 4; lastKnownFileType = sourcecode.c.objc; path = "UIImageView+HighlightedWebCache.m"; sourceTree = "<group>"; };
		4F71AE6D1B9C08360054D529 /* UIImageView+WebCache.h */ = {isa = PBXFileReference; fileEncoding = 4; lastKnownFileType = sourcecode.c.h; path = "UIImageView+WebCache.h"; sourceTree = "<group>"; };
		4F71AE6E1B9C08360054D529 /* UIImageView+WebCache.m */ = {isa = PBXFileReference; fileEncoding = 4; lastKnownFileType = sourcecode.c.objc; path = "UIImageView+WebCache.m"; sourceTree = "<group>"; };
		4F71AE6F1B9C08360054D529 /* UIView+WebCacheOperation.h */ = {isa = PBXFileReference; fileEncoding = 4; lastKnownFileType = sourcecode.c.h; path = "UIView+WebCacheOperation.h"; sourceTree = "<group>"; };
		4F71AE701B9C08360054D529 /* UIView+WebCacheOperation.m */ = {isa = PBXFileReference; fileEncoding = 4; lastKnownFileType = sourcecode.c.objc; path = "UIView+WebCacheOperation.m"; sourceTree = "<group>"; };
		4F71AE811B9C09720054D529 /* placeholder.png */ = {isa = PBXFileReference; lastKnownFileType = image.png; path = placeholder.png; sourceTree = "<group>"; };
		4F71AE831B9C0B430054D529 /* ImageURL.plist */ = {isa = PBXFileReference; fileEncoding = 4; lastKnownFileType = text.plist.xml; path = ImageURL.plist; sourceTree = "<group>"; };
/* End PBXFileReference section */

/* Begin PBXFrameworksBuildPhase section */
		4F71AE231B9C07A30054D529 /* Frameworks */ = {
			isa = PBXFrameworksBuildPhase;
			buildActionMask = 2147483647;
			files = (
			);
			runOnlyForDeploymentPostprocessing = 0;
		};
		4F71AE3C1B9C07A30054D529 /* Frameworks */ = {
			isa = PBXFrameworksBuildPhase;
			buildActionMask = 2147483647;
			files = (
			);
			runOnlyForDeploymentPostprocessing = 0;
		};
/* End PBXFrameworksBuildPhase section */

/* Begin PBXGroup section */
		4F71AE1D1B9C07A30054D529 = {
			isa = PBXGroup;
			children = (
				4F71AE281B9C07A30054D529 /* LazyLoading2 */,
				4F71AE421B9C07A30054D529 /* LazyLoading2Tests */,
				4F71AE271B9C07A30054D529 /* Products */,
			);
			sourceTree = "<group>";
		};
		4F71AE271B9C07A30054D529 /* Products */ = {
			isa = PBXGroup;
			children = (
				4F71AE261B9C07A30054D529 /* LazyLoading2.app */,
				4F71AE3F1B9C07A30054D529 /* LazyLoading2Tests.xctest */,
			);
			name = Products;
			sourceTree = "<group>";
		};
		4F71AE281B9C07A30054D529 /* LazyLoading2 */ = {
			isa = PBXGroup;
			children = (
				4F71AE2D1B9C07A30054D529 /* AppDelegate.h */,
				4F71AE2E1B9C07A30054D529 /* AppDelegate.m */,
				4F71AE301B9C07A30054D529 /* ViewController.h */,
				4F71AE311B9C07A30054D529 /* ViewController.m */,
				4F71AE831B9C0B430054D529 /* ImageURL.plist */,
				4F71AE331B9C07A30054D529 /* Main.storyboard */,
				4F71AE361B9C07A30054D529 /* Images.xcassets */,
				4F71AE381B9C07A30054D529 /* LaunchScreen.xib */,
				4F71AE4F1B9C08360054D529 /* SDWebImage */,
				4F71AE291B9C07A30054D529 /* Supporting Files */,
			);
			path = LazyLoading2;
			sourceTree = "<group>";
		};
		4F71AE291B9C07A30054D529 /* Supporting Files */ = {
			isa = PBXGroup;
			children = (
				4F71AE811B9C09720054D529 /* placeholder.png */,
				4F71AE2A1B9C07A30054D529 /* Info.plist */,
				4F71AE2B1B9C07A30054D529 /* main.m */,
			);
			name = "Supporting Files";
			sourceTree = "<group>";
		};
		4F71AE421B9C07A30054D529 /* LazyLoading2Tests */ = {
			isa = PBXGroup;
			children = (
				4F71AE451B9C07A30054D529 /* LazyLoading2Tests.m */,
				4F71AE431B9C07A30054D529 /* Supporting Files */,
			);
			path = LazyLoading2Tests;
			sourceTree = "<group>";
		};
		4F71AE431B9C07A30054D529 /* Supporting Files */ = {
			isa = PBXGroup;
			children = (
				4F71AE441B9C07A30054D529 /* Info.plist */,
			);
			name = "Supporting Files";
			sourceTree = "<group>";
		};
		4F71AE4F1B9C08360054D529 /* SDWebImage */ = {
			isa = PBXGroup;
			children = (
				4F71AE501B9C08360054D529 /* MKAnnotationView+WebCache.h */,
				4F71AE511B9C08360054D529 /* MKAnnotationView+WebCache.m */,
				4F71AE521B9C08360054D529 /* NSData+ImageContentType.h */,
				4F71AE531B9C08360054D529 /* NSData+ImageContentType.m */,
				4F71AE541B9C08360054D529 /* SDImageCache.h */,
				4F71AE551B9C08360054D529 /* SDImageCache.m */,
				4F71AE561B9C08360054D529 /* SDWebImageCompat.h */,
				4F71AE571B9C08360054D529 /* SDWebImageCompat.m */,
				4F71AE581B9C08360054D529 /* SDWebImageDecoder.h */,
				4F71AE591B9C08360054D529 /* SDWebImageDecoder.m */,
				4F71AE5A1B9C08360054D529 /* SDWebImageDownloader.h */,
				4F71AE5B1B9C08360054D529 /* SDWebImageDownloader.m */,
				4F71AE5C1B9C08360054D529 /* SDWebImageDownloaderOperation.h */,
				4F71AE5D1B9C08360054D529 /* SDWebImageDownloaderOperation.m */,
				4F71AE5E1B9C08360054D529 /* SDWebImageManager.h */,
				4F71AE5F1B9C08360054D529 /* SDWebImageManager.m */,
				4F71AE601B9C08360054D529 /* SDWebImageOperation.h */,
				4F71AE611B9C08360054D529 /* SDWebImagePrefetcher.h */,
				4F71AE621B9C08360054D529 /* SDWebImagePrefetcher.m */,
				4F71AE631B9C08360054D529 /* UIButton+WebCache.h */,
				4F71AE641B9C08360054D529 /* UIButton+WebCache.m */,
				4F71AE651B9C08360054D529 /* UIImage+GIF.h */,
				4F71AE661B9C08360054D529 /* UIImage+GIF.m */,
				4F71AE671B9C08360054D529 /* UIImage+MultiFormat.h */,
				4F71AE681B9C08360054D529 /* UIImage+MultiFormat.m */,
				4F71AE691B9C08360054D529 /* UIImage+WebP.h */,
				4F71AE6A1B9C08360054D529 /* UIImage+WebP.m */,
				4F71AE6B1B9C08360054D529 /* UIImageView+HighlightedWebCache.h */,
				4F71AE6C1B9C08360054D529 /* UIImageView+HighlightedWebCache.m */,
				4F71AE6D1B9C08360054D529 /* UIImageView+WebCache.h */,
				4F71AE6E1B9C08360054D529 /* UIImageView+WebCache.m */,
				4F71AE6F1B9C08360054D529 /* UIView+WebCacheOperation.h */,
				4F71AE701B9C08360054D529 /* UIView+WebCacheOperation.m */,
			);
			path = SDWebImage;
			sourceTree = "<group>";
		};
/* End PBXGroup section */

/* Begin PBXNativeTarget section */
		4F71AE251B9C07A30054D529 /* LazyLoading2 */ = {
			isa = PBXNativeTarget;
			buildConfigurationList = 4F71AE491B9C07A30054D529 /* Build configuration list for PBXNativeTarget "LazyLoading2" */;
			buildPhases = (
				4F71AE221B9C07A30054D529 /* Sources */,
				4F71AE231B9C07A30054D529 /* Frameworks */,
				4F71AE241B9C07A30054D529 /* Resources */,
			);
			buildRules = (
			);
			dependencies = (
			);
			name = LazyLoading2;
			productName = LazyLoading2;
			productReference = 4F71AE261B9C07A30054D529 /* LazyLoading2.app */;
			productType = "com.apple.product-type.application";
		};
		4F71AE3E1B9C07A30054D529 /* LazyLoading2Tests */ = {
			isa = PBXNativeTarget;
			buildConfigurationList = 4F71AE4C1B9C07A30054D529 /* Build configuration list for PBXNativeTarget "LazyLoading2Tests" */;
			buildPhases = (
				4F71AE3B1B9C07A30054D529 /* Sources */,
				4F71AE3C1B9C07A30054D529 /* Frameworks */,
				4F71AE3D1B9C07A30054D529 /* Resources */,
			);
			buildRules = (
			);
			dependencies = (
				4F71AE411B9C07A30054D529 /* PBXTargetDependency */,
			);
			name = LazyLoading2Tests;
			productName = LazyLoading2Tests;
			productReference = 4F71AE3F1B9C07A30054D529 /* LazyLoading2Tests.xctest */;
			productType = "com.apple.product-type.bundle.unit-test";
		};
/* End PBXNativeTarget section */

/* Begin PBXProject section */
		4F71AE1E1B9C07A30054D529 /* Project object */ = {
			isa = PBXProject;
			attributes = {
				LastUpgradeCheck = 0610;
				ORGANIZATIONNAME = Choudhary;
				TargetAttributes = {
					4F71AE251B9C07A30054D529 = {
						CreatedOnToolsVersion = 6.1.1;
					};
					4F71AE3E1B9C07A30054D529 = {
						CreatedOnToolsVersion = 6.1.1;
						TestTargetID = 4F71AE251B9C07A30054D529;
					};
				};
			};
			buildConfigurationList = 4F71AE211B9C07A30054D529 /* Build configuration list for PBXProject "LazyLoading2" */;
			compatibilityVersion = "Xcode 3.2";
			developmentRegion = English;
			hasScannedForEncodings = 0;
			knownRegions = (
				en,
				Base,
			);
			mainGroup = 4F71AE1D1B9C07A30054D529;
			productRefGroup = 4F71AE271B9C07A30054D529 /* Products */;
			projectDirPath = "";
			projectRoot = "";
			targets = (
				4F71AE251B9C07A30054D529 /* LazyLoading2 */,
				4F71AE3E1B9C07A30054D529 /* LazyLoading2Tests */,
			);
		};
/* End PBXProject section */

/* Begin PBXResourcesBuildPhase section */
		4F71AE241B9C07A30054D529 /* Resources */ = {
			isa = PBXResourcesBuildPhase;
			buildActionMask = 2147483647;
			files = (
				4F71AE841B9C0B430054D529 /* ImageURL.plist in Resources */,
				4F71AE351B9C07A30054D529 /* Main.storyboard in Resources */,
				4F71AE821B9C09720054D529 /* placeholder.png in Resources */,
				4F71AE3A1B9C07A30054D529 /* LaunchScreen.xib in Resources */,
				4F71AE371B9C07A30054D529 /* Images.xcassets in Resources */,
			);
			runOnlyForDeploymentPostprocessing = 0;
		};
		4F71AE3D1B9C07A30054D529 /* Resources */ = {
			isa = PBXResourcesBuildPhase;
			buildActionMask = 2147483647;
			files = (
			);
			runOnlyForDeploymentPostprocessing = 0;
		};
/* End PBXResourcesBuildPhase section */

/* Begin PBXSourcesBuildPhase section */
		4F71AE221B9C07A30054D529 /* Sources */ = {
			isa = PBXSourcesBuildPhase;
			buildActionMask = 2147483647;
			files = (
				4F71AE7E1B9C08360054D529 /* UIImageView+HighlightedWebCache.m in Sources */,
				4F71AE721B9C08360054D529 /* NSData+ImageContentType.m in Sources */,
				4F71AE781B9C08360054D529 /* SDWebImageManager.m in Sources */,
				4F71AE761B9C08360054D529 /* SDWebImageDownloader.m in Sources */,
				4F71AE7D1B9C08360054D529 /* UIImage+WebP.m in Sources */,
				4F71AE801B9C08360054D529 /* UIView+WebCacheOperation.m in Sources */,
				4F71AE731B9C08360054D529 /* SDImageCache.m in Sources */,
				4F71AE321B9C07A30054D529 /* ViewController.m in Sources */,
				4F71AE711B9C08360054D529 /* MKAnnotationView+WebCache.m in Sources */,
				4F71AE751B9C08360054D529 /* SDWebImageDecoder.m in Sources */,
				4F71AE7C1B9C08360054D529 /* UIImage+MultiFormat.m in Sources */,
				4F71AE771B9C08360054D529 /* SDWebImageDownloaderOperation.m in Sources */,
				4F71AE2F1B9C07A30054D529 /* AppDelegate.m in Sources */,
				4F71AE7A1B9C08360054D529 /* UIButton+WebCache.m in Sources */,
				4F71AE791B9C08360054D529 /* SDWebImagePrefetcher.m in Sources */,
				4F71AE7F1B9C08360054D529 /* UIImageView+WebCache.m in Sources */,
				4F71AE741B9C08360054D529 /* SDWebImageCompat.m in Sources */,
				4F71AE7B1B9C08360054D529 /* UIImage+GIF.m in Sources */,
				4F71AE2C1B9C07A30054D529 /* main.m in Sources */,
			);
			runOnlyForDeploymentPostprocessing = 0;
		};
		4F71AE3B1B9C07A30054D529 /* Sources */ = {
			isa = PBXSourcesBuildPhase;
			buildActionMask = 2147483647;
			files = (
				4F71AE461B9C07A30054D529 /* LazyLoading2Tests.m in Sources */,
			);
			runOnlyForDeploymentPostprocessing = 0;
		};
/* End PBXSourcesBuildPhase section */

/* Begin PBXTargetDependency section */
		4F71AE411B9C07A30054D529 /* PBXTargetDependency */ = {
			isa = PBXTargetDependency;
			target = 4F71AE251B9C07A30054D529 /* LazyLoading2 */;
			targetProxy = 4F71AE401B9C07A30054D529 /* PBXContainerItemProxy */;
		};
/* End PBXTargetDependency section */

/* Begin PBXVariantGroup section */
		4F71AE331B9C07A30054D529 /* Main.storyboard */ = {
			isa = PBXVariantGroup;
			children = (
				4F71AE341B9C07A30054D529 /* Base */,
			);
			name = Main.storyboard;
			sourceTree = "<group>";
		};
		4F71AE381B9C07A30054D529 /* LaunchScreen.xib */ = {
			isa = PBXVariantGroup;
			children = (
				4F71AE391B9C07A30054D529 /* Base */,
			);
			name = LaunchScreen.xib;
			sourceTree = "<group>";
		};
/* End PBXVariantGroup section */

/* Begin XCBuildConfiguration section */
		4F71AE471B9C07A30054D529 /* Debug */ = {
			isa = XCBuildConfiguration;
			buildSettings = {
				ALWAYS_SEARCH_USER_PATHS = NO;
				CLANG_CXX_LANGUAGE_STANDARD = "gnu++0x";
				CLANG_CXX_LIBRARY = "libc++";
				CLANG_ENABLE_MODULES = YES;
				CLANG_ENABLE_OBJC_ARC = YES;
				CLANG_WARN_BOOL_CONVERSION = YES;
				CLANG_WARN_CONSTANT_CONVERSION = YES;
				CLANG_WARN_DIRECT_OBJC_ISA_USAGE = YES_ERROR;
				CLANG_WARN_EMPTY_BODY = YES;
				CLANG_WARN_ENUM_CONVERSION = YES;
				CLANG_WARN_INT_CONVERSION = YES;
				CLANG_WARN_OBJC_ROOT_CLASS = YES_ERROR;
				CLANG_WARN_UNREACHABLE_CODE = YES;
				CLANG_WARN__DUPLICATE_METHOD_MATCH = YES;
				"CODE_SIGN_IDENTITY[sdk=iphoneos*]" = "iPhone Developer";
				COPY_PHASE_STRIP = NO;
				ENABLE_STRICT_OBJC_MSGSEND = YES;
				GCC_C_LANGUAGE_STANDARD = gnu99;
				GCC_DYNAMIC_NO_PIC = NO;
				GCC_OPTIMIZATION_LEVEL = 0;
				GCC_PREPROCESSOR_DEFINITIONS = (
					"DEBUG=1",
					"$(inherited)",
				);
				GCC_SYMBOLS_PRIVATE_EXTERN = NO;
				GCC_WARN_64_TO_32_BIT_CONVERSION = YES;
				GCC_WARN_ABOUT_RETURN_TYPE = YES_ERROR;
				GCC_WARN_UNDECLARED_SELECTOR = YES;
				GCC_WARN_UNINITIALIZED_AUTOS = YES_AGGRESSIVE;
				GCC_WARN_UNUSED_FUNCTION = YES;
				GCC_WARN_UNUSED_VARIABLE = YES;
				IPHONEOS_DEPLOYMENT_TARGET = 8.1;
				MTL_ENABLE_DEBUG_INFO = YES;
				ONLY_ACTIVE_ARCH = YES;
				SDKROOT = iphoneos;
			};
			name = Debug;
		};
		4F71AE481B9C07A30054D529 /* Release */ = {
			isa = XCBuildConfiguration;
			buildSettings = {
				ALWAYS_SEARCH_USER_PATHS = NO;
				CLANG_CXX_LANGUAGE_STANDARD = "gnu++0x";
				CLANG_CXX_LIBRARY = "libc++";
				CLANG_ENABLE_MODULES = YES;
				CLANG_ENABLE_OBJC_ARC = YES;
				CLANG_WARN_BOOL_CONVERSION = YES;
				CLANG_WARN_CONSTANT_CONVERSION = YES;
				CLANG_WARN_DIRECT_OBJC_ISA_USAGE = YES_ERROR;
				CLANG_WARN_EMPTY_BODY = YES;
				CLANG_WARN_ENUM_CONVERSION = YES;
				CLANG_WARN_INT_CONVERSION = YES;
				CLANG_WARN_OBJC_ROOT_CLASS = YES_ERROR;
				CLANG_WARN_UNREACHABLE_CODE = YES;
				CLANG_WARN__DUPLICATE_METHOD_MATCH = YES;
				"CODE_SIGN_IDENTITY[sdk=iphoneos*]" = "iPhone Developer";
				COPY_PHASE_STRIP = YES;
				ENABLE_NS_ASSERTIONS = NO;
				ENABLE_STRICT_OBJC_MSGSEND = YES;
				GCC_C_LANGUAGE_STANDARD = gnu99;
				GCC_WARN_64_TO_32_BIT_CONVERSION = YES;
				GCC_WARN_ABOUT_RETURN_TYPE = YES_ERROR;
				GCC_WARN_UNDECLARED_SELECTOR = YES;
				GCC_WARN_UNINITIALIZED_AUTOS = YES_AGGRESSIVE;
				GCC_WARN_UNUSED_FUNCTION = YES;
				GCC_WARN_UNUSED_VARIABLE = YES;
				IPHONEOS_DEPLOYMENT_TARGET = 8.1;
				MTL_ENABLE_DEBUG_INFO = NO;
				SDKROOT = iphoneos;
				VALIDATE_PRODUCT = YES;
			};
			name = Release;
		};
		4F71AE4A1B9C07A30054D529 /* Debug */ = {
			isa = XCBuildConfiguration;
			buildSettings = {
				ASSETCATALOG_COMPILER_APPICON_NAME = AppIcon;
				INFOPLIST_FILE = LazyLoading2/Info.plist;
				LD_RUNPATH_SEARCH_PATHS = "$(inherited) @executable_path/Frameworks";
				PRODUCT_NAME = "$(TARGET_NAME)";
			};
			name = Debug;
		};
		4F71AE4B1B9C07A30054D529 /* Release */ = {
			isa = XCBuildConfiguration;
			buildSettings = {
				ASSETCATALOG_COMPILER_APPICON_NAME = AppIcon;
				INFOPLIST_FILE = LazyLoading2/Info.plist;
				LD_RUNPATH_SEARCH_PATHS = "$(inherited) @executable_path/Frameworks";
				PRODUCT_NAME = "$(TARGET_NAME)";
			};
			name = Release;
		};
		4F71AE4D1B9C07A30054D529 /* Debug */ = {
			isa = XCBuildConfiguration;
			buildSettings = {
				BUNDLE_LOADER = "$(TEST_HOST)";
				FRAMEWORK_SEARCH_PATHS = (
					"$(SDKROOT)/Developer/Library/Frameworks",
					"$(inherited)",
				);
				GCC_PREPROCESSOR_DEFINITIONS = (
					"DEBUG=1",
					"$(inherited)",
				);
				INFOPLIST_FILE = LazyLoading2Tests/Info.plist;
				LD_RUNPATH_SEARCH_PATHS = "$(inherited) @executable_path/Frameworks @loader_path/Frameworks";
				PRODUCT_NAME = "$(TARGET_NAME)";
				TEST_HOST = "$(BUILT_PRODUCTS_DIR)/LazyLoading2.app/LazyLoading2";
			};
			name = Debug;
		};
		4F71AE4E1B9C07A30054D529 /* Release */ = {
			isa = XCBuildConfiguration;
			buildSettings = {
				BUNDLE_LOADER = "$(TEST_HOST)";
				FRAMEWORK_SEARCH_PATHS = (
					"$(SDKROOT)/Developer/Library/Frameworks",
					"$(inherited)",
				);
				INFOPLIST_FILE = LazyLoading2Tests/Info.plist;
				LD_RUNPATH_SEARCH_PATHS = "$(inherited) @executable_path/Frameworks @loader_path/Frameworks";
				PRODUCT_NAME = "$(TARGET_NAME)";
				TEST_HOST = "$(BUILT_PRODUCTS_DIR)/LazyLoading2.app/LazyLoading2";
			};
			name = Release;
		};
/* End XCBuildConfiguration section */

/* Begin XCConfigurationList section */
		4F71AE211B9C07A30054D529 /* Build configuration list for PBXProject "LazyLoading2" */ = {
			isa = XCConfigurationList;
			buildConfigurations = (
				4F71AE471B9C07A30054D529 /* Debug */,
				4F71AE481B9C07A30054D529 /* Release */,
			);
			defaultConfigurationIsVisible = 0;
			defaultConfigurationName = Release;
		};
		4F71AE491B9C07A30054D529 /* Build configuration list for PBXNativeTarget "LazyLoading2" */ = {
			isa = XCConfigurationList;
			buildConfigurations = (
				4F71AE4A1B9C07A30054D529 /* Debug */,
				4F71AE4B1B9C07A30054D529 /* Release */,
			);
			defaultConfigurationIsVisible = 0;
		};
		4F71AE4C1B9C07A30054D529 /* Build configuration list for PBXNativeTarget "LazyLoading2Tests" */ = {
			isa = XCConfigurationList;
			buildConfigurations = (
				4F71AE4D1B9C07A30054D529 /* Debug */,
				4F71AE4E1B9C07A30054D529 /* Release */,
			);
			defaultConfigurationIsVisible = 0;
		};
/* End XCConfigurationList section */
	};
	rootObject = 4F71AE1E1B9C07A30054D529 /* Project object */;
}
